{
  "nodes": {
    "flakeNimbleLib": {
      "inputs": {
        "nixpkgs": [
          "nixpkgs"
        ]
      },
      "locked": {
        "lastModified": 1662018438,
        "narHash": "sha256-QtNtU6+LX3Wokxf0zlFwKTFOcn6TeDjKQZ+DA9OYtvM=",
        "owner": "riinr",
        "repo": "nim-flakes-lib",
        "rev": "b1fe8340736e3a85d25c709ac3dfd82a55c03cbf",
        "type": "github"
      },
      "original": {
        "owner": "riinr",
        "ref": "master",
        "repo": "nim-flakes-lib",
        "type": "github"
      }
    },
    "llvm-master": {
      "inputs": {
        "flakeNimbleLib": [
          "flakeNimbleLib"
        ],
        "nixpkgs": [
          "nixpkgs"
        ],
        "src-llvm-master": "src-llvm-master"
      },
      "locked": {
        "dir": "master",
        "lastModified": 1662254585,
        "narHash": "sha256-4VLTarnOYF+tV+KVRfcNP84G/+PrI1CBDVS5r4mKZDY=",
        "owner": "nim-nix-pkgs",
        "repo": "llvm",
        "rev": "eea9969a3f36581bfffd339557dd1cc38fd8450e",
        "type": "github"
      },
      "original": {
        "dir": "master",
        "owner": "nim-nix-pkgs",
        "ref": "master",
        "repo": "llvm",
        "type": "github"
      }
    },
    "nixpkgs": {
      "locked": {
        "lastModified": 1667110639,
        "narHash": "sha256-4FbPESZ5LbqQxkJJJBAfk/zKgF9h/4kyUwjjpJwYlbc=",
        "owner": "NixOS",
        "repo": "nixpkgs",
        "rev": "f38a1f04d1bec1feb61fd101a0539ae2002a7087",
        "type": "github"
      },
      "original": {
        "id": "nixpkgs",
        "type": "indirect"
      }
    },
    "root": {
      "inputs": {
        "flakeNimbleLib": "flakeNimbleLib",
        "llvm-master": "llvm-master",
        "nixpkgs": "nixpkgs"
      }
    },
    "src-llvm-master": {
      "flake": false,
      "locked": {
        "lastModified": 1437499963,
        "narHash": "sha256-SyHq34wz5FDXHu1zy6iMN8D5NwzYlqLIC/jBhNNcSt0=",
        "owner": "FedeOmoto",
        "repo": "llvm",
        "rev": "389448012ebf1b8a577c56247a85580e879a3709",
        "type": "github"
      },
      "original": {
        "owner": "FedeOmoto",
        "ref": "refs/heads/master",
        "repo": "llvm",
        "type": "github"
      }
    }
  },
  "root": "root",
  "version": 7
}
